
Microsoft Visual Studio Solution File, Format Version 12.00
# Visual Studio Version 16
VisualStudioVersion = 16.0.30204.135
MinimumVisualStudioVersion = 10.0.40219.1
Project("{FAE04EC0-301F-11D3-BF4B-00C04F79EFBC}") = "FirebaseASPAPI", "FirebaseASPAPI\FirebaseASPAPI.csproj", "{856D7964-8A85-42FC-A026-9104C927AD63}"
EndProject
Project("{FAE04EC0-301F-11D3-BF4B-00C04F79EFBC}") = "DatabaseProvider", "DatabaseProvider\DatabaseProvider.csproj", "{7EE527D9-B455-4A8B-826E-DE2FEE005D85}"
EndProject
Project("{FAE04EC0-301F-11D3-BF4B-00C04F79EFBC}") = "DatabaseIO", "DatabaseIO\DatabaseIO.csproj", "{D2EC8020-5FE7-4A03-8F2E-6DDE3DCD9399}"
EndProject
Project("{FAE04EC0-301F-11D3-BF4B-00C04F79EFBC}") = "DataProvider", "DataProvider\DataProvider.csproj", "{2187DEDA-BA26-4BB8-90F4-013266A3264F}"
EndProject
Project("{FAE04EC0-301F-11D3-BF4B-00C04F79EFBC}") = "DataProviderNFC", "DataProviderNFC\DataProviderNFC.csproj", "{D8E13F9E-B001-462E-ACC0-A66493BDEEBF}"
EndProject
Project("{FAE04EC0-301F-11D3-BF4B-00C04F79EFBC}") = "NFCIO", "NFCIO\NFCIO.csproj", "{F859B4BC-A047-4671-900F-78B05D5B673D}"
EndProject
Global
	GlobalSection(SolutionConfigurationPlatforms) = preSolution
		Debug|Any CPU = Debug|Any CPU
		Release|Any CPU = Release|Any CPU
	EndGlobalSection
	GlobalSection(ProjectConfigurationPlatforms) = postSolution
		{856D7964-8A85-42FC-A026-9104C927AD63}.Debug|Any CPU.ActiveCfg = Debug|Any CPU
		{856D7964-8A85-42FC-A026-9104C927AD63}.Debug|Any CPU.Build.0 = Debug|Any CPU
		{856D7964-8A85-42FC-A026-9104C927AD63}.Release|Any CPU.ActiveCfg = Release|Any CPU
		{856D7964-8A85-42FC-A026-9104C927AD63}.Release|Any CPU.Build.0 = Release|Any CPU
		{7EE527D9-B455-4A8B-826E-DE2FEE005D85}.Debug|Any CPU.ActiveCfg = Debug|Any CPU
		{7EE527D9-B455-4A8B-826E-DE2FEE005D85}.Debug|Any CPU.Build.0 = Debug|Any CPU
		{7EE527D9-B455-4A8B-826E-DE2FEE005D85}.Release|Any CPU.ActiveCfg = Release|Any CPU
		{7EE527D9-B455-4A8B-826E-DE2FEE005D85}.Release|Any CPU.Build.0 = Release|Any CPU
		{D2EC8020-5FE7-4A03-8F2E-6DDE3DCD9399}.Debug|Any CPU.ActiveCfg = Debug|Any CPU
		{D2EC8020-5FE7-4A03-8F2E-6DDE3DCD9399}.Debug|Any CPU.Build.0 = Debug|Any CPU
		{D2EC8020-5FE7-4A03-8F2E-6DDE3DCD9399}.Release|Any CPU.ActiveCfg = Release|Any CPU
		{D2EC8020-5FE7-4A03-8F2E-6DDE3DCD9399}.Release|Any CPU.Build.0 = Release|Any CPU
		{2187DEDA-BA26-4BB8-90F4-013266A3264F}.Debug|Any CPU.ActiveCfg = Debug|Any CPU
		{2187DEDA-BA26-4BB8-90F4-013266A3264F}.Debug|Any CPU.Build.0 = Debug|Any CPU
		{2187DEDA-BA26-4BB8-90F4-013266A3264F}.Release|Any CPU.ActiveCfg = Release|Any CPU
		{2187DEDA-BA26-4BB8-90F4-013266A3264F}.Release|Any CPU.Build.0 = Release|Any CPU
		{D8E13F9E-B001-462E-ACC0-A66493BDEEBF}.Debug|Any CPU.ActiveCfg = Debug|Any CPU
		{D8E13F9E-B001-462E-ACC0-A66493BDEEBF}.Debug|Any CPU.Build.0 = Debug|Any CPU
		{D8E13F9E-B001-462E-ACC0-A66493BDEEBF}.Release|Any CPU.ActiveCfg = Release|Any CPU
		{D8E13F9E-B001-462E-ACC0-A66493BDEEBF}.Release|Any CPU.Build.0 = Release|Any CPU
		{F859B4BC-A047-4671-900F-78B05D5B673D}.Debug|Any CPU.ActiveCfg = Debug|Any CPU
		{F859B4BC-A047-4671-900F-78B05D5B673D}.Debug|Any CPU.Build.0 = Debug|Any CPU
		{F859B4BC-A047-4671-900F-78B05D5B673D}.Release|Any CPU.ActiveCfg = Release|Any CPU
		{F859B4BC-A047-4671-900F-78B05D5B673D}.Release|Any CPU.Build.0 = Release|Any CPU
	EndGlobalSection
	GlobalSection(SolutionProperties) = preSolution
		HideSolutionNode = FALSE
	EndGlobalSection
	GlobalSection(ExtensibilityGlobals) = postSolution
		SolutionGuid = {B2BF62DB-4B2D-442C-9A51-9B6C71533B99}
	EndGlobalSection
EndGlobal
